
Microsoft Visual Studio Solution File, Format Version 12.00
# Visual Studio 2012
Project("{FAE04EC0-301F-11D3-BF4B-00C04F79EFBC}") = "maxx.events.com", "maxx.events.com\maxx.events.com.csproj", "{3F349AC5-648E-4BEB-801E-0A2AB0622502}"
EndProject
Project("{FAE04EC0-301F-11D3-BF4B-00C04F79EFBC}") = "maxx.events.com.Core", "maxx.events.com.Core\maxx.events.com.Core.csproj", "{80085A18-B18C-4053-A4FA-CCFA9893FE04}"
EndProject
Global
	GlobalSection(SolutionConfigurationPlatforms) = preSolution
		Debug|Any CPU = Debug|Any CPU
		Release|Any CPU = Release|Any CPU
	EndGlobalSection
	GlobalSection(ProjectConfigurationPlatforms) = postSolution
		{3F349AC5-648E-4BEB-801E-0A2AB0622502}.Debug|Any CPU.ActiveCfg = Debug|Any CPU
		{3F349AC5-648E-4BEB-801E-0A2AB0622502}.Debug|Any CPU.Build.0 = Debug|Any CPU
		{3F349AC5-648E-4BEB-801E-0A2AB0622502}.Release|Any CPU.ActiveCfg = Release|Any CPU
		{3F349AC5-648E-4BEB-801E-0A2AB0622502}.Release|Any CPU.Build.0 = Release|Any CPU
		{80085A18-B18C-4053-A4FA-CCFA9893FE04}.Debug|Any CPU.ActiveCfg = Debug|Any CPU
		{80085A18-B18C-4053-A4FA-CCFA9893FE04}.Debug|Any CPU.Build.0 = Debug|Any CPU
		{80085A18-B18C-4053-A4FA-CCFA9893FE04}.Release|Any CPU.ActiveCfg = Release|Any CPU
		{80085A18-B18C-4053-A4FA-CCFA9893FE04}.Release|Any CPU.Build.0 = Release|Any CPU
	EndGlobalSection
	GlobalSection(SolutionProperties) = preSolution
		HideSolutionNode = FALSE
	EndGlobalSection
EndGlobal
